
Microsoft Visual Studio Solution File, Format Version 12.00
# Visual Studio Version 17
VisualStudioVersion = 17.10.35122.118
MinimumVisualStudioVersion = 10.0.40219.1
Project("{FAE04EC0-301F-11D3-BF4B-00C04F79EFBC}") = "XiXiOrchard", "XiXiOrchard.csproj", "{CDD339E3-D70B-4DFE-8D27-D46D400D1191}"
EndProject
Global
	GlobalSection(SolutionConfigurationPlatforms) = preSolution
		Debug|Any CPU = Debug|Any CPU
		Release|Any CPU = Release|Any CPU
	EndGlobalSection
	GlobalSection(ProjectConfigurationPlatforms) = postSolution
		{CDD339E3-D70B-4DFE-8D27-D46D400D1191}.Debug|Any CPU.ActiveCfg = Debug|Any CPU
		{CDD339E3-D70B-4DFE-8D27-D46D400D1191}.Debug|Any CPU.Build.0 = Debug|Any CPU
		{CDD339E3-D70B-4DFE-8D27-D46D400D1191}.Release|Any CPU.ActiveCfg = Release|Any CPU
		{CDD339E3-D70B-4DFE-8D27-D46D400D1191}.Release|Any CPU.Build.0 = Release|Any CPU
	EndGlobalSection
	GlobalSection(SolutionProperties) = preSolution
		HideSolutionNode = FALSE
	EndGlobalSection
	GlobalSection(ExtensibilityGlobals) = postSolution
		SolutionGuid = {D90EEB5C-E563-41C1-B580-A61B80FF1A70}
	EndGlobalSection
EndGlobal
